
Microsoft Visual Studio Solution File, Format Version 12.00
# Visual Studio Version 17
VisualStudioVersion = 17.13.35828.75 d17.13
MinimumVisualStudioVersion = 10.0.40219.1
Project("{FAE04EC0-301F-11D3-BF4B-00C04F79EFBC}") = "lab9_gawronska", "lab9_gawronska\lab9_gawronska.csproj", "{C0805A63-40CE-4AEA-BAAA-0EE28C504CBD}"
EndProject
Global
	GlobalSection(SolutionConfigurationPlatforms) = preSolution
		Debug|Any CPU = Debug|Any CPU
		Release|Any CPU = Release|Any CPU
	EndGlobalSection
	GlobalSection(ProjectConfigurationPlatforms) = postSolution
		{C0805A63-40CE-4AEA-BAAA-0EE28C504CBD}.Debug|Any CPU.ActiveCfg = Debug|Any CPU
		{C0805A63-40CE-4AEA-BAAA-0EE28C504CBD}.Debug|Any CPU.Build.0 = Debug|Any CPU
		{C0805A63-40CE-4AEA-BAAA-0EE28C504CBD}.Release|Any CPU.ActiveCfg = Release|Any CPU
		{C0805A63-40CE-4AEA-BAAA-0EE28C504CBD}.Release|Any CPU.Build.0 = Release|Any CPU
	EndGlobalSection
	GlobalSection(SolutionProperties) = preSolution
		HideSolutionNode = FALSE
	EndGlobalSection
	GlobalSection(ExtensibilityGlobals) = postSolution
		SolutionGuid = {C88A1826-85FD-4BC9-9DBC-B4CADAB9E60D}
	EndGlobalSection
EndGlobal
